
Microsoft Visual Studio Solution File, Format Version 12.00
# Visual Studio Version 16
VisualStudioVersion = 16.0.30804.86
MinimumVisualStudioVersion = 10.0.40219.1
Project("{FAE04EC0-301F-11D3-BF4B-00C04F79EFBC}") = "MobileApp.Android", "MobileApp\MobileApp.Android\MobileApp.Android.csproj", "{C65273BA-DAA1-4A6E-9ABF-007B92454516}"
EndProject
Project("{FAE04EC0-301F-11D3-BF4B-00C04F79EFBC}") = "MobileApp.iOS", "MobileApp\MobileApp.iOS\MobileApp.iOS.csproj", "{E5225F8D-5CA5-461B-906B-E3D0BCB1AA13}"
EndProject
Project("{9A19103F-16F7-4668-BE54-9A1E7A4F7556}") = "MobileApp", "MobileApp\MobileApp\MobileApp.csproj", "{D53644C3-6221-4173-BBCD-4BCB775B4704}"
EndProject
Project("{2150E333-8FDC-42A3-9474-1A3956D46DE8}") = "tests", "tests", "{7954860B-708C-47BA-98A8-FFDD7A42D961}"
EndProject
Project("{FAE04EC0-301F-11D3-BF4B-00C04F79EFBC}") = "UITest1", "UITest1\UITest1.csproj", "{66A87096-CE67-4E1C-8040-1A0C1EED39F4}"
EndProject
Project("{FAE04EC0-301F-11D3-BF4B-00C04F79EFBC}") = "NUnitTestProject", "NUnitTestProject\NUnitTestProject.csproj", "{C469FEE1-4F6B-464D-8A64-88890D608CFA}"
EndProject
Global
	GlobalSection(SolutionConfigurationPlatforms) = preSolution
		Debug|Any CPU = Debug|Any CPU
		Debug|iPhone = Debug|iPhone
		Debug|iPhoneSimulator = Debug|iPhoneSimulator
		Release|Any CPU = Release|Any CPU
		Release|iPhone = Release|iPhone
		Release|iPhoneSimulator = Release|iPhoneSimulator
	EndGlobalSection
	GlobalSection(ProjectConfigurationPlatforms) = postSolution
		{C65273BA-DAA1-4A6E-9ABF-007B92454516}.Debug|Any CPU.ActiveCfg = Debug|Any CPU
		{C65273BA-DAA1-4A6E-9ABF-007B92454516}.Debug|Any CPU.Build.0 = Debug|Any CPU
		{C65273BA-DAA1-4A6E-9ABF-007B92454516}.Debug|Any CPU.Deploy.0 = Debug|Any CPU
		{C65273BA-DAA1-4A6E-9ABF-007B92454516}.Debug|iPhone.ActiveCfg = Debug|Any CPU
		{C65273BA-DAA1-4A6E-9ABF-007B92454516}.Debug|iPhone.Build.0 = Debug|Any CPU
		{C65273BA-DAA1-4A6E-9ABF-007B92454516}.Debug|iPhone.Deploy.0 = Debug|Any CPU
		{C65273BA-DAA1-4A6E-9ABF-007B92454516}.Debug|iPhoneSimulator.ActiveCfg = Debug|Any CPU
		{C65273BA-DAA1-4A6E-9ABF-007B92454516}.Debug|iPhoneSimulator.Build.0 = Debug|Any CPU
		{C65273BA-DAA1-4A6E-9ABF-007B92454516}.Debug|iPhoneSimulator.Deploy.0 = Debug|Any CPU
		{C65273BA-DAA1-4A6E-9ABF-007B92454516}.Release|Any CPU.ActiveCfg = Release|Any CPU
		{C65273BA-DAA1-4A6E-9ABF-007B92454516}.Release|Any CPU.Build.0 = Release|Any CPU
		{C65273BA-DAA1-4A6E-9ABF-007B92454516}.Release|Any CPU.Deploy.0 = Release|Any CPU
		{C65273BA-DAA1-4A6E-9ABF-007B92454516}.Release|iPhone.ActiveCfg = Release|Any CPU
		{C65273BA-DAA1-4A6E-9ABF-007B92454516}.Release|iPhone.Build.0 = Release|Any CPU
		{C65273BA-DAA1-4A6E-9ABF-007B92454516}.Release|iPhone.Deploy.0 = Release|Any CPU
		{C65273BA-DAA1-4A6E-9ABF-007B92454516}.Release|iPhoneSimulator.ActiveCfg = Release|Any CPU
		{C65273BA-DAA1-4A6E-9ABF-007B92454516}.Release|iPhoneSimulator.Build.0 = Release|Any CPU
		{C65273BA-DAA1-4A6E-9ABF-007B92454516}.Release|iPhoneSimulator.Deploy.0 = Release|Any CPU
		{E5225F8D-5CA5-461B-906B-E3D0BCB1AA13}.Debug|Any CPU.ActiveCfg = Debug|iPhone
		{E5225F8D-5CA5-461B-906B-E3D0BCB1AA13}.Debug|Any CPU.Build.0 = Debug|iPhone
		{E5225F8D-5CA5-461B-906B-E3D0BCB1AA13}.Debug|Any CPU.Deploy.0 = Debug|iPhone
		{E5225F8D-5CA5-461B-906B-E3D0BCB1AA13}.Debug|iPhone.ActiveCfg = Debug|iPhone
		{E5225F8D-5CA5-461B-906B-E3D0BCB1AA13}.Debug|iPhone.Build.0 = Debug|iPhone
		{E5225F8D-5CA5-461B-906B-E3D0BCB1AA13}.Debug|iPhone.Deploy.0 = Debug|iPhone
		{E5225F8D-5CA5-461B-906B-E3D0BCB1AA13}.Debug|iPhoneSimulator.ActiveCfg = Debug|iPhoneSimulator
		{E5225F8D-5CA5-461B-906B-E3D0BCB1AA13}.Debug|iPhoneSimulator.Build.0 = Debug|iPhoneSimulator
		{E5225F8D-5CA5-461B-906B-E3D0BCB1AA13}.Debug|iPhoneSimulator.Deploy.0 = Debug|iPhoneSimulator
		{E5225F8D-5CA5-461B-906B-E3D0BCB1AA13}.Release|Any CPU.ActiveCfg = Release|iPhoneSimulator
		{E5225F8D-5CA5-461B-906B-E3D0BCB1AA13}.Release|Any CPU.Build.0 = Release|iPhoneSimulator
		{E5225F8D-5CA5-461B-906B-E3D0BCB1AA13}.Release|Any CPU.Deploy.0 = Release|iPhoneSimulator
		{E5225F8D-5CA5-461B-906B-E3D0BCB1AA13}.Release|iPhone.ActiveCfg = Release|iPhone
		{E5225F8D-5CA5-461B-906B-E3D0BCB1AA13}.Release|iPhone.Build.0 = Release|iPhone
		{E5225F8D-5CA5-461B-906B-E3D0BCB1AA13}.Release|iPhone.Deploy.0 = Release|iPhone
		{E5225F8D-5CA5-461B-906B-E3D0BCB1AA13}.Release|iPhoneSimulator.ActiveCfg = Release|iPhoneSimulator
		{E5225F8D-5CA5-461B-906B-E3D0BCB1AA13}.Release|iPhoneSimulator.Build.0 = Release|iPhoneSimulator
		{E5225F8D-5CA5-461B-906B-E3D0BCB1AA13}.Release|iPhoneSimulator.Deploy.0 = Release|iPhoneSimulator
		{D53644C3-6221-4173-BBCD-4BCB775B4704}.Debug|Any CPU.ActiveCfg = Debug|Any CPU
		{D53644C3-6221-4173-BBCD-4BCB775B4704}.Debug|Any CPU.Build.0 = Debug|Any CPU
		{D53644C3-6221-4173-BBCD-4BCB775B4704}.Debug|Any CPU.Deploy.0 = Debug|Any CPU
		{D53644C3-6221-4173-BBCD-4BCB775B4704}.Debug|iPhone.ActiveCfg = Debug|Any CPU
		{D53644C3-6221-4173-BBCD-4BCB775B4704}.Debug|iPhone.Build.0 = Debug|Any CPU
		{D53644C3-6221-4173-BBCD-4BCB775B4704}.Debug|iPhone.Deploy.0 = Debug|Any CPU
		{D53644C3-6221-4173-BBCD-4BCB775B4704}.Debug|iPhoneSimulator.ActiveCfg = Debug|Any CPU
		{D53644C3-6221-4173-BBCD-4BCB775B4704}.Debug|iPhoneSimulator.Build.0 = Debug|Any CPU
		{D53644C3-6221-4173-BBCD-4BCB775B4704}.Debug|iPhoneSimulator.Deploy.0 = Debug|Any CPU
		{D53644C3-6221-4173-BBCD-4BCB775B4704}.Release|Any CPU.ActiveCfg = Release|Any CPU
		{D53644C3-6221-4173-BBCD-4BCB775B4704}.Release|Any CPU.Build.0 = Release|Any CPU
		{D53644C3-6221-4173-BBCD-4BCB775B4704}.Release|Any CPU.Deploy.0 = Release|Any CPU
		{D53644C3-6221-4173-BBCD-4BCB775B4704}.Release|iPhone.ActiveCfg = Release|Any CPU
		{D53644C3-6221-4173-BBCD-4BCB775B4704}.Release|iPhone.Build.0 = Release|Any CPU
		{D53644C3-6221-4173-BBCD-4BCB775B4704}.Release|iPhone.Deploy.0 = Release|Any CPU
		{D53644C3-6221-4173-BBCD-4BCB775B4704}.Release|iPhoneSimulator.ActiveCfg = Release|Any CPU
		{D53644C3-6221-4173-BBCD-4BCB775B4704}.Release|iPhoneSimulator.Build.0 = Release|Any CPU
		{D53644C3-6221-4173-BBCD-4BCB775B4704}.Release|iPhoneSimulator.Deploy.0 = Release|Any CPU
		{66A87096-CE67-4E1C-8040-1A0C1EED39F4}.Debug|Any CPU.ActiveCfg = Debug|Any CPU
		{66A87096-CE67-4E1C-8040-1A0C1EED39F4}.Debug|Any CPU.Build.0 = Debug|Any CPU
		{66A87096-CE67-4E1C-8040-1A0C1EED39F4}.Debug|iPhone.ActiveCfg = Debug|Any CPU
		{66A87096-CE67-4E1C-8040-1A0C1EED39F4}.Debug|iPhone.Build.0 = Debug|Any CPU
		{66A87096-CE67-4E1C-8040-1A0C1EED39F4}.Debug|iPhoneSimulator.ActiveCfg = Debug|Any CPU
		{66A87096-CE67-4E1C-8040-1A0C1EED39F4}.Debug|iPhoneSimulator.Build.0 = Debug|Any CPU
		{66A87096-CE67-4E1C-8040-1A0C1EED39F4}.Release|Any CPU.ActiveCfg = Release|Any CPU
		{66A87096-CE67-4E1C-8040-1A0C1EED39F4}.Release|Any CPU.Build.0 = Release|Any CPU
		{66A87096-CE67-4E1C-8040-1A0C1EED39F4}.Release|iPhone.ActiveCfg = Release|Any CPU
		{66A87096-CE67-4E1C-8040-1A0C1EED39F4}.Release|iPhone.Build.0 = Release|Any CPU
		{66A87096-CE67-4E1C-8040-1A0C1EED39F4}.Release|iPhoneSimulator.ActiveCfg = Release|Any CPU
		{66A87096-CE67-4E1C-8040-1A0C1EED39F4}.Release|iPhoneSimulator.Build.0 = Release|Any CPU
		{C469FEE1-4F6B-464D-8A64-88890D608CFA}.Debug|Any CPU.ActiveCfg = Debug|Any CPU
		{C469FEE1-4F6B-464D-8A64-88890D608CFA}.Debug|Any CPU.Build.0 = Debug|Any CPU
		{C469FEE1-4F6B-464D-8A64-88890D608CFA}.Debug|iPhone.ActiveCfg = Debug|Any CPU
		{C469FEE1-4F6B-464D-8A64-88890D608CFA}.Debug|iPhone.Build.0 = Debug|Any CPU
		{C469FEE1-4F6B-464D-8A64-88890D608CFA}.Debug|iPhoneSimulator.ActiveCfg = Debug|Any CPU
		{C469FEE1-4F6B-464D-8A64-88890D608CFA}.Debug|iPhoneSimulator.Build.0 = Debug|Any CPU
		{C469FEE1-4F6B-464D-8A64-88890D608CFA}.Release|Any CPU.ActiveCfg = Release|Any CPU
		{C469FEE1-4F6B-464D-8A64-88890D608CFA}.Release|Any CPU.Build.0 = Release|Any CPU
		{C469FEE1-4F6B-464D-8A64-88890D608CFA}.Release|iPhone.ActiveCfg = Release|Any CPU
		{C469FEE1-4F6B-464D-8A64-88890D608CFA}.Release|iPhone.Build.0 = Release|Any CPU
		{C469FEE1-4F6B-464D-8A64-88890D608CFA}.Release|iPhoneSimulator.ActiveCfg = Release|Any CPU
		{C469FEE1-4F6B-464D-8A64-88890D608CFA}.Release|iPhoneSimulator.Build.0 = Release|Any CPU
	EndGlobalSection
	GlobalSection(SolutionProperties) = preSolution
		HideSolutionNode = FALSE
	EndGlobalSection
	GlobalSection(NestedProjects) = preSolution
		{66A87096-CE67-4E1C-8040-1A0C1EED39F4} = {7954860B-708C-47BA-98A8-FFDD7A42D961}
	EndGlobalSection
	GlobalSection(ExtensibilityGlobals) = postSolution
		SolutionGuid = {B5F9B2ED-AB6A-4A76-BB85-FF12B1A33879}
	EndGlobalSection
EndGlobal
