
Microsoft Visual Studio Solution File, Format Version 12.00
# Visual Studio Version 16
VisualStudioVersion = 16.0.31112.23
MinimumVisualStudioVersion = 10.0.40219.1
Project("{FAE04EC0-301F-11D3-BF4B-00C04F79EFBC}") = "2003_Web_API", "2003_Web_API\2003_Web_API.csproj", "{F5DDDCDE-D409-40DB-8DA8-AF014D19CC4D}"
EndProject
Global
	GlobalSection(SolutionConfigurationPlatforms) = preSolution
		Debug|Any CPU = Debug|Any CPU
		Release|Any CPU = Release|Any CPU
	EndGlobalSection
	GlobalSection(ProjectConfigurationPlatforms) = postSolution
		{F5DDDCDE-D409-40DB-8DA8-AF014D19CC4D}.Debug|Any CPU.ActiveCfg = Debug|Any CPU
		{F5DDDCDE-D409-40DB-8DA8-AF014D19CC4D}.Debug|Any CPU.Build.0 = Debug|Any CPU
		{F5DDDCDE-D409-40DB-8DA8-AF014D19CC4D}.Release|Any CPU.ActiveCfg = Release|Any CPU
		{F5DDDCDE-D409-40DB-8DA8-AF014D19CC4D}.Release|Any CPU.Build.0 = Release|Any CPU
	EndGlobalSection
	GlobalSection(SolutionProperties) = preSolution
		HideSolutionNode = FALSE
	EndGlobalSection
	GlobalSection(ExtensibilityGlobals) = postSolution
		SolutionGuid = {CC83208E-B805-4B56-B6B9-DA5D09AE007B}
	EndGlobalSection
EndGlobal
