
Microsoft Visual Studio Solution File, Format Version 12.00
# Visual Studio Version 16
VisualStudioVersion = 16.0.30717.126
MinimumVisualStudioVersion = 10.0.40219.1
Project("{FAE04EC0-301F-11D3-BF4B-00C04F79EFBC}") = "RESTfulAPI", "RESTfulAPI\RESTfulAPI.csproj", "{EFAED632-8EDE-4D2B-92E0-4006A1141EFE}"
EndProject
Global
	GlobalSection(SolutionConfigurationPlatforms) = preSolution
		Debug|Any CPU = Debug|Any CPU
		Release|Any CPU = Release|Any CPU
	EndGlobalSection
	GlobalSection(ProjectConfigurationPlatforms) = postSolution
		{EFAED632-8EDE-4D2B-92E0-4006A1141EFE}.Debug|Any CPU.ActiveCfg = Debug|Any CPU
		{EFAED632-8EDE-4D2B-92E0-4006A1141EFE}.Debug|Any CPU.Build.0 = Debug|Any CPU
		{EFAED632-8EDE-4D2B-92E0-4006A1141EFE}.Release|Any CPU.ActiveCfg = Release|Any CPU
		{EFAED632-8EDE-4D2B-92E0-4006A1141EFE}.Release|Any CPU.Build.0 = Release|Any CPU
	EndGlobalSection
	GlobalSection(SolutionProperties) = preSolution
		HideSolutionNode = FALSE
	EndGlobalSection
	GlobalSection(ExtensibilityGlobals) = postSolution
		SolutionGuid = {883AF21D-178F-4779-A2E8-1A25FE1FBA99}
	EndGlobalSection
EndGlobal
