
Microsoft Visual Studio Solution File, Format Version 12.00
# Visual Studio Version 16
VisualStudioVersion = 16.0.30804.86
MinimumVisualStudioVersion = 10.0.40219.1
Project("{FAE04EC0-301F-11D3-BF4B-00C04F79EFBC}") = "CustomerInterface.Android", "CustomerInterface\CustomerInterface.Android\CustomerInterface.Android.csproj", "{FBB9D43D-0731-41EA-A5E5-E78F2B6333B1}"
EndProject
Project("{FAE04EC0-301F-11D3-BF4B-00C04F79EFBC}") = "CustomerInterface.iOS", "CustomerInterface\CustomerInterface.iOS\CustomerInterface.iOS.csproj", "{941803EE-677A-4E4C-AD83-11694B999E96}"
EndProject
Project("{FAE04EC0-301F-11D3-BF4B-00C04F79EFBC}") = "CustomerInterface", "CustomerInterface\CustomerInterface\CustomerInterface.csproj", "{A36A549C-14B1-4479-98C9-02496A80F013}"
EndProject
Global
	GlobalSection(SolutionConfigurationPlatforms) = preSolution
		Debug|Any CPU = Debug|Any CPU
		Debug|iPhone = Debug|iPhone
		Debug|iPhoneSimulator = Debug|iPhoneSimulator
		Release|Any CPU = Release|Any CPU
		Release|iPhone = Release|iPhone
		Release|iPhoneSimulator = Release|iPhoneSimulator
	EndGlobalSection
	GlobalSection(ProjectConfigurationPlatforms) = postSolution
		{FBB9D43D-0731-41EA-A5E5-E78F2B6333B1}.Debug|Any CPU.ActiveCfg = Debug|Any CPU
		{FBB9D43D-0731-41EA-A5E5-E78F2B6333B1}.Debug|Any CPU.Build.0 = Debug|Any CPU
		{FBB9D43D-0731-41EA-A5E5-E78F2B6333B1}.Debug|Any CPU.Deploy.0 = Debug|Any CPU
		{FBB9D43D-0731-41EA-A5E5-E78F2B6333B1}.Debug|iPhone.ActiveCfg = Debug|Any CPU
		{FBB9D43D-0731-41EA-A5E5-E78F2B6333B1}.Debug|iPhone.Build.0 = Debug|Any CPU
		{FBB9D43D-0731-41EA-A5E5-E78F2B6333B1}.Debug|iPhone.Deploy.0 = Debug|Any CPU
		{FBB9D43D-0731-41EA-A5E5-E78F2B6333B1}.Debug|iPhoneSimulator.ActiveCfg = Debug|Any CPU
		{FBB9D43D-0731-41EA-A5E5-E78F2B6333B1}.Debug|iPhoneSimulator.Build.0 = Debug|Any CPU
		{FBB9D43D-0731-41EA-A5E5-E78F2B6333B1}.Debug|iPhoneSimulator.Deploy.0 = Debug|Any CPU
		{FBB9D43D-0731-41EA-A5E5-E78F2B6333B1}.Release|Any CPU.ActiveCfg = Release|Any CPU
		{FBB9D43D-0731-41EA-A5E5-E78F2B6333B1}.Release|Any CPU.Build.0 = Release|Any CPU
		{FBB9D43D-0731-41EA-A5E5-E78F2B6333B1}.Release|Any CPU.Deploy.0 = Release|Any CPU
		{FBB9D43D-0731-41EA-A5E5-E78F2B6333B1}.Release|iPhone.ActiveCfg = Release|Any CPU
		{FBB9D43D-0731-41EA-A5E5-E78F2B6333B1}.Release|iPhone.Build.0 = Release|Any CPU
		{FBB9D43D-0731-41EA-A5E5-E78F2B6333B1}.Release|iPhone.Deploy.0 = Release|Any CPU
		{FBB9D43D-0731-41EA-A5E5-E78F2B6333B1}.Release|iPhoneSimulator.ActiveCfg = Release|Any CPU
		{FBB9D43D-0731-41EA-A5E5-E78F2B6333B1}.Release|iPhoneSimulator.Build.0 = Release|Any CPU
		{FBB9D43D-0731-41EA-A5E5-E78F2B6333B1}.Release|iPhoneSimulator.Deploy.0 = Release|Any CPU
		{941803EE-677A-4E4C-AD83-11694B999E96}.Debug|Any CPU.ActiveCfg = Debug|iPhone
		{941803EE-677A-4E4C-AD83-11694B999E96}.Debug|Any CPU.Build.0 = Debug|iPhone
		{941803EE-677A-4E4C-AD83-11694B999E96}.Debug|Any CPU.Deploy.0 = Debug|iPhone
		{941803EE-677A-4E4C-AD83-11694B999E96}.Debug|iPhone.ActiveCfg = Debug|iPhone
		{941803EE-677A-4E4C-AD83-11694B999E96}.Debug|iPhone.Build.0 = Debug|iPhone
		{941803EE-677A-4E4C-AD83-11694B999E96}.Debug|iPhone.Deploy.0 = Debug|iPhone
		{941803EE-677A-4E4C-AD83-11694B999E96}.Debug|iPhoneSimulator.ActiveCfg = Debug|iPhoneSimulator
		{941803EE-677A-4E4C-AD83-11694B999E96}.Debug|iPhoneSimulator.Build.0 = Debug|iPhoneSimulator
		{941803EE-677A-4E4C-AD83-11694B999E96}.Debug|iPhoneSimulator.Deploy.0 = Debug|iPhoneSimulator
		{941803EE-677A-4E4C-AD83-11694B999E96}.Release|Any CPU.ActiveCfg = Release|iPhoneSimulator
		{941803EE-677A-4E4C-AD83-11694B999E96}.Release|Any CPU.Build.0 = Release|iPhoneSimulator
		{941803EE-677A-4E4C-AD83-11694B999E96}.Release|Any CPU.Deploy.0 = Release|iPhoneSimulator
		{941803EE-677A-4E4C-AD83-11694B999E96}.Release|iPhone.ActiveCfg = Release|iPhone
		{941803EE-677A-4E4C-AD83-11694B999E96}.Release|iPhone.Build.0 = Release|iPhone
		{941803EE-677A-4E4C-AD83-11694B999E96}.Release|iPhone.Deploy.0 = Release|iPhone
		{941803EE-677A-4E4C-AD83-11694B999E96}.Release|iPhoneSimulator.ActiveCfg = Release|iPhoneSimulator
		{941803EE-677A-4E4C-AD83-11694B999E96}.Release|iPhoneSimulator.Build.0 = Release|iPhoneSimulator
		{941803EE-677A-4E4C-AD83-11694B999E96}.Release|iPhoneSimulator.Deploy.0 = Release|iPhoneSimulator
		{A36A549C-14B1-4479-98C9-02496A80F013}.Debug|Any CPU.ActiveCfg = Debug|Any CPU
		{A36A549C-14B1-4479-98C9-02496A80F013}.Debug|Any CPU.Build.0 = Debug|Any CPU
		{A36A549C-14B1-4479-98C9-02496A80F013}.Debug|Any CPU.Deploy.0 = Debug|Any CPU
		{A36A549C-14B1-4479-98C9-02496A80F013}.Debug|iPhone.ActiveCfg = Debug|Any CPU
		{A36A549C-14B1-4479-98C9-02496A80F013}.Debug|iPhone.Build.0 = Debug|Any CPU
		{A36A549C-14B1-4479-98C9-02496A80F013}.Debug|iPhone.Deploy.0 = Debug|Any CPU
		{A36A549C-14B1-4479-98C9-02496A80F013}.Debug|iPhoneSimulator.ActiveCfg = Debug|Any CPU
		{A36A549C-14B1-4479-98C9-02496A80F013}.Debug|iPhoneSimulator.Build.0 = Debug|Any CPU
		{A36A549C-14B1-4479-98C9-02496A80F013}.Debug|iPhoneSimulator.Deploy.0 = Debug|Any CPU
		{A36A549C-14B1-4479-98C9-02496A80F013}.Release|Any CPU.ActiveCfg = Release|Any CPU
		{A36A549C-14B1-4479-98C9-02496A80F013}.Release|Any CPU.Build.0 = Release|Any CPU
		{A36A549C-14B1-4479-98C9-02496A80F013}.Release|Any CPU.Deploy.0 = Release|Any CPU
		{A36A549C-14B1-4479-98C9-02496A80F013}.Release|iPhone.ActiveCfg = Release|Any CPU
		{A36A549C-14B1-4479-98C9-02496A80F013}.Release|iPhone.Build.0 = Release|Any CPU
		{A36A549C-14B1-4479-98C9-02496A80F013}.Release|iPhone.Deploy.0 = Release|Any CPU
		{A36A549C-14B1-4479-98C9-02496A80F013}.Release|iPhoneSimulator.ActiveCfg = Release|Any CPU
		{A36A549C-14B1-4479-98C9-02496A80F013}.Release|iPhoneSimulator.Build.0 = Release|Any CPU
		{A36A549C-14B1-4479-98C9-02496A80F013}.Release|iPhoneSimulator.Deploy.0 = Release|Any CPU
	EndGlobalSection
	GlobalSection(SolutionProperties) = preSolution
		HideSolutionNode = FALSE
	EndGlobalSection
	GlobalSection(ExtensibilityGlobals) = postSolution
		SolutionGuid = {653AAAFE-4E18-47D7-B3B3-19DA7D9CBBC9}
	EndGlobalSection
EndGlobal
